
Microsoft Visual Studio Solution File, Format Version 12.00
# Visual Studio Version 17
VisualStudioVersion = 17.9.34728.123
MinimumVisualStudioVersion = 10.0.40219.1
Project("{FAE04EC0-301F-11D3-BF4B-00C04F79EFBC}") = "PressPlay", "PressPlay\PressPlay.csproj", "{D6B29D35-D206-4366-BD73-0FD16B7FC6E3}"
EndProject
Project("{FAE04EC0-301F-11D3-BF4B-00C04F79EFBC}") = "PressPlayTitler", "PressPlayTitler\PressPlayTitler.csproj", "{D02B91FE-769E-AD61-7E62-CAF5E19D269E}"
EndProject
Global
	GlobalSection(SolutionConfigurationPlatforms) = preSolution
		Debug|Any CPU = Debug|Any CPU
		Release|Any CPU = Release|Any CPU
	EndGlobalSection
	GlobalSection(ProjectConfigurationPlatforms) = postSolution
		{D6B29D35-D206-4366-BD73-0FD16B7FC6E3}.Debug|Any CPU.ActiveCfg = Debug|Any CPU
		{D6B29D35-D206-4366-BD73-0FD16B7FC6E3}.Debug|Any CPU.Build.0 = Debug|Any CPU
		{D6B29D35-D206-4366-BD73-0FD16B7FC6E3}.Release|Any CPU.ActiveCfg = Release|Any CPU
		{D6B29D35-D206-4366-BD73-0FD16B7FC6E3}.Release|Any CPU.Build.0 = Release|Any CPU
		{D02B91FE-769E-AD61-7E62-CAF5E19D269E}.Debug|Any CPU.ActiveCfg = Debug|Any CPU
		{D02B91FE-769E-AD61-7E62-CAF5E19D269E}.Debug|Any CPU.Build.0 = Debug|Any CPU
		{D02B91FE-769E-AD61-7E62-CAF5E19D269E}.Release|Any CPU.ActiveCfg = Release|Any CPU
		{D02B91FE-769E-AD61-7E62-CAF5E19D269E}.Release|Any CPU.Build.0 = Release|Any CPU
	EndGlobalSection
	GlobalSection(SolutionProperties) = preSolution
		HideSolutionNode = FALSE
	EndGlobalSection
	GlobalSection(ExtensibilityGlobals) = postSolution
		SolutionGuid = {109332A3-6A5A-45EE-A51A-7B8ACEC6CBF5}
	EndGlobalSection
EndGlobal
